{
  "originHash" : "7a09ef8b5dbd74602e8b353a23acb0d1383064ed1a90f8c58aa4bbfec1c3095f",
  "pins" : [
    {
      "identity" : "swift-case-paths",
      "kind" : "remoteSourceControl",
      "location" : "https://github.com/johankool/swift-case-paths",
      "state" : {
        "branch" : "android-support",
        "revision" : "71fc736bd47a565605aeaa680e5730b31ea031ee"
      }
    },
    {
      "identity" : "swift-collections",
      "kind" : "remoteSourceControl",
      "location" : "https://github.com/apple/swift-collections",
      "state" : {
        "revision" : "9bf03ff58ce34478e66aaee630e491823326fd06",
        "version" : "1.1.3"
      }
    },
    {
      "identity" : "swift-concurrency-extras",
      "kind" : "remoteSourceControl",
      "location" : "https://github.com/johankool/swift-concurrency-extras",
      "state" : {
        "branch" : "android-tests",
        "revision" : "49e9f1a79e8051f0f968bffc2279981031160063"
      }
    },
    {
      "identity" : "swift-custom-dump",
      "kind" : "remoteSourceControl",
      "location" : "https://github.com/johankool/swift-custom-dump",
      "state" : {
        "branch" : "android-support",
        "revision" : "c058690b8051b3c476674a47934c5f536a1c659d"
      }
    },
    {
      "identity" : "swift-docc-plugin",
      "kind" : "remoteSourceControl",
      "location" : "https://github.com/swiftlang/swift-docc-plugin",
      "state" : {
        "revision" : "2eb22993b3dfd0c0d32729b357c8dabb6cd44680",
        "version" : "1.4.2"
      }
    },
    {
      "identity" : "swift-docc-symbolkit",
      "kind" : "remoteSourceControl",
      "location" : "https://github.com/swiftlang/swift-docc-symbolkit",
      "state" : {
        "revision" : "b45d1f2ed151d057b54504d653e0da5552844e34",
        "version" : "1.0.0"
      }
    },
    {
      "identity" : "swift-issue-reporting",
      "kind" : "remoteSourceControl",
      "location" : "https://github.com/johankool/swift-issue-reporting",
      "state" : {
        "branch" : "android-support",
        "revision" : "7c486289b8d55ec0e746b15d7bc54088360d6654"
      }
    },
    {
      "identity" : "swift-perception",
      "kind" : "remoteSourceControl",
      "location" : "https://github.com/johankool/swift-perception",
      "state" : {
        "branch" : "android-support",
        "revision" : "28a45374fe8c07903fd413c416d5aba3c8cc6ff5"
      }
    },
    {
      "identity" : "swift-syntax",
      "kind" : "remoteSourceControl",
      "location" : "https://github.com/swiftlang/swift-syntax",
      "state" : {
        "revision" : "0687f71944021d616d34d922343dcef086855920",
        "version" : "600.0.1"
      }
    }
  ],
  "version" : 3
}
